// !$*UTF8*$!
{
	archiveVersion = 1;
	classes = {
	};
	objectVersion = 46;
	objects = {

/* Begin PBXBuildFile section */
		B92FDB471C98594000CBFE6F /* main.cpp in Sources */ = {isa = PBXBuildFile; fileRef = B92FDB461C98594000CBFE6F /* main.cpp */; };
		B92FDB501C985B5200CBFE6F /* futex.cpp in Sources */ = {isa = PBXBuildFile; fileRef = B92FDB4E1C985B5200CBFE6F /* futex.cpp */; };
/* End PBXBuildFile section */

/* Begin PBXCopyFilesBuildPhase section */
		B92FDB411C98594000CBFE6F /* CopyFiles */ = {
			isa = PBXCopyFilesBuildPhase;
			buildActionMask = 2147483647;
			dstPath = /usr/share/man/man1/;
			dstSubfolderSpec = 0;
			files = (
			);
			runOnlyForDeploymentPostprocessing = 1;
		};
/* End PBXCopyFilesBuildPhase section */

/* Begin PBXFileReference section */
		B92FDB461C98594000CBFE6F /* main.cpp */ = {isa = PBXFileReference; lastKnownFileType = sourcecode.cpp.cpp; path = main.cpp; sourceTree = "<group>"; };
		B92FDB4E1C985B5200CBFE6F /* futex.cpp */ = {isa = PBXFileReference; fileEncoding = 4; lastKnownFileType = sourcecode.cpp.cpp; path = futex.cpp; sourceTree = "<group>"; };
		B92FDB4F1C985B5200CBFE6F /* futex.hpp */ = {isa = PBXFileReference; fileEncoding = 4; lastKnownFileType = sourcecode.cpp.h; path = futex.hpp; sourceTree = "<group>"; };
		B9FFDC421C9886790027F3FE /* Atomic-mutex */ = {isa = PBXFileReference; explicitFileType = "compiled.mach-o.executable"; includeInIndex = 0; path = "Atomic-mutex"; sourceTree = BUILT_PRODUCTS_DIR; };
		B9FFDC451C98D3B00027F3FE /* out.txt */ = {isa = PBXFileReference; fileEncoding = 4; lastKnownFileType = text; path = out.txt; sourceTree = "<group>"; };
/* End PBXFileReference section */

/* Begin PBXFrameworksBuildPhase section */
		B92FDB401C98594000CBFE6F /* Frameworks */ = {
			isa = PBXFrameworksBuildPhase;
			buildActionMask = 2147483647;
			files = (
			);
			runOnlyForDeploymentPostprocessing = 0;
		};
/* End PBXFrameworksBuildPhase section */

/* Begin PBXGroup section */
		B92FDB3A1C98594000CBFE6F = {
			isa = PBXGroup;
			children = (
				B92FDB451C98594000CBFE6F /* Atomic-mutex */,
				B9FFDC421C9886790027F3FE /* Atomic-mutex */,
			);
			sourceTree = "<group>";
		};
		B92FDB451C98594000CBFE6F /* Atomic-mutex */ = {
			isa = PBXGroup;
			children = (
				B92FDB461C98594000CBFE6F /* main.cpp */,
				B92FDB4E1C985B5200CBFE6F /* futex.cpp */,
				B92FDB4F1C985B5200CBFE6F /* futex.hpp */,
				B9FFDC451C98D3B00027F3FE /* out.txt */,
			);
			path = "Atomic-mutex";
			sourceTree = "<group>";
		};
/* End PBXGroup section */

/* Begin PBXNativeTarget section */
		B92FDB421C98594000CBFE6F /* Atomic-mutex */ = {
			isa = PBXNativeTarget;
			buildConfigurationList = B92FDB4A1C98594000CBFE6F /* Build configuration list for PBXNativeTarget "Atomic-mutex" */;
			buildPhases = (
				B92FDB3F1C98594000CBFE6F /* Sources */,
				B92FDB401C98594000CBFE6F /* Frameworks */,
				B92FDB411C98594000CBFE6F /* CopyFiles */,
			);
			buildRules = (
			);
			dependencies = (
			);
			name = "Atomic-mutex";
			productName = "Atomic-mutex";
			productReference = B9FFDC421C9886790027F3FE /* Atomic-mutex */;
			productType = "com.apple.product-type.tool";
		};
/* End PBXNativeTarget section */

/* Begin PBXProject section */
		B92FDB3B1C98594000CBFE6F /* Project object */ = {
			isa = PBXProject;
			attributes = {
				LastUpgradeCheck = 0720;
				ORGANIZATIONNAME = "Serg Miller";
				TargetAttributes = {
					B92FDB421C98594000CBFE6F = {
						CreatedOnToolsVersion = 7.2.1;
					};
				};
			};
			buildConfigurationList = B92FDB3E1C98594000CBFE6F /* Build configuration list for PBXProject "Atomic-mutex" */;
			compatibilityVersion = "Xcode 3.2";
			developmentRegion = English;
			hasScannedForEncodings = 0;
			knownRegions = (
				en,
			);
			mainGroup = B92FDB3A1C98594000CBFE6F;
			productRefGroup = B92FDB3A1C98594000CBFE6F;
			projectDirPath = "";
			projectRoot = "";
			targets = (
				B92FDB421C98594000CBFE6F /* Atomic-mutex */,
			);
		};
/* End PBXProject section */

/* Begin PBXSourcesBuildPhase section */
		B92FDB3F1C98594000CBFE6F /* Sources */ = {
			isa = PBXSourcesBuildPhase;
			buildActionMask = 2147483647;
			files = (
				B92FDB501C985B5200CBFE6F /* futex.cpp in Sources */,
				B92FDB471C98594000CBFE6F /* main.cpp in Sources */,
			);
			runOnlyForDeploymentPostprocessing = 0;
		};
/* End PBXSourcesBuildPhase section */

/* Begin XCBuildConfiguration section */
		B92FDB481C98594000CBFE6F /* Debug */ = {
			isa = XCBuildConfiguration;
			buildSettings = {
				ALWAYS_SEARCH_USER_PATHS = NO;
				CLANG_CXX_LANGUAGE_STANDARD = "gnu++0x";
				CLANG_CXX_LIBRARY = "libc++";
				CLANG_ENABLE_MODULES = YES;
				CLANG_ENABLE_OBJC_ARC = YES;
				CLANG_WARN_BOOL_CONVERSION = YES;
				CLANG_WARN_CONSTANT_CONVERSION = YES;
				CLANG_WARN_DIRECT_OBJC_ISA_USAGE = YES_ERROR;
				CLANG_WARN_EMPTY_BODY = YES;
				CLANG_WARN_ENUM_CONVERSION = YES;
				CLANG_WARN_INT_CONVERSION = YES;
				CLANG_WARN_OBJC_ROOT_CLASS = YES_ERROR;
				CLANG_WARN_UNREACHABLE_CODE = YES;
				CLANG_WARN__DUPLICATE_METHOD_MATCH = YES;
				CODE_SIGN_IDENTITY = "-";
				COPY_PHASE_STRIP = NO;
				DEBUG_INFORMATION_FORMAT = dwarf;
				ENABLE_STRICT_OBJC_MSGSEND = YES;
				ENABLE_TESTABILITY = YES;
				GCC_C_LANGUAGE_STANDARD = gnu99;
				GCC_DYNAMIC_NO_PIC = NO;
				GCC_NO_COMMON_BLOCKS = YES;
				GCC_OPTIMIZATION_LEVEL = 0;
				GCC_PREPROCESSOR_DEFINITIONS = (
					"DEBUG=1",
					"$(inherited)",
				);
				GCC_WARN_64_TO_32_BIT_CONVERSION = YES;
				GCC_WARN_ABOUT_RETURN_TYPE = YES_ERROR;
				GCC_WARN_UNDECLARED_SELECTOR = YES;
				GCC_WARN_UNINITIALIZED_AUTOS = YES_AGGRESSIVE;
				GCC_WARN_UNUSED_FUNCTION = YES;
				GCC_WARN_UNUSED_VARIABLE = YES;
				MACOSX_DEPLOYMENT_TARGET = 10.11;
				MTL_ENABLE_DEBUG_INFO = YES;
				ONLY_ACTIVE_ARCH = YES;
				SDKROOT = macosx;
			};
			name = Debug;
		};
		B92FDB491C98594000CBFE6F /* Release */ = {
			isa = XCBuildConfiguration;
			buildSettings = {
				ALWAYS_SEARCH_USER_PATHS = NO;
				CLANG_CXX_LANGUAGE_STANDARD = "gnu++0x";
				CLANG_CXX_LIBRARY = "libc++";
				CLANG_ENABLE_MODULES = YES;
				CLANG_ENABLE_OBJC_ARC = YES;
				CLANG_WARN_BOOL_CONVERSION = YES;
				CLANG_WARN_CONSTANT_CONVERSION = YES;
				CLANG_WARN_DIRECT_OBJC_ISA_USAGE = YES_ERROR;
				CLANG_WARN_EMPTY_BODY = YES;
				CLANG_WARN_ENUM_CONVERSION = YES;
				CLANG_WARN_INT_CONVERSION = YES;
				CLANG_WARN_OBJC_ROOT_CLASS = YES_ERROR;
				CLANG_WARN_UNREACHABLE_CODE = YES;
				CLANG_WARN__DUPLICATE_METHOD_MATCH = YES;
				CODE_SIGN_IDENTITY = "-";
				COPY_PHASE_STRIP = NO;
				DEBUG_INFORMATION_FORMAT = "dwarf-with-dsym";
				ENABLE_NS_ASSERTIONS = NO;
				ENABLE_STRICT_OBJC_MSGSEND = YES;
				GCC_C_LANGUAGE_STANDARD = gnu99;
				GCC_NO_COMMON_BLOCKS = YES;
				GCC_WARN_64_TO_32_BIT_CONVERSION = YES;
				GCC_WARN_ABOUT_RETURN_TYPE = YES_ERROR;
				GCC_WARN_UNDECLARED_SELECTOR = YES;
				GCC_WARN_UNINITIALIZED_AUTOS = YES_AGGRESSIVE;
				GCC_WARN_UNUSED_FUNCTION = YES;
				GCC_WARN_UNUSED_VARIABLE = YES;
				MACOSX_DEPLOYMENT_TARGET = 10.11;
				MTL_ENABLE_DEBUG_INFO = NO;
				SDKROOT = macosx;
			};
			name = Release;
		};
		B92FDB4B1C98594000CBFE6F /* Debug */ = {
			isa = XCBuildConfiguration;
			buildSettings = {
				PRODUCT_NAME = "$(TARGET_NAME)";
			};
			name = Debug;
		};
		B92FDB4C1C98594000CBFE6F /* Release */ = {
			isa = XCBuildConfiguration;
			buildSettings = {
				PRODUCT_NAME = "$(TARGET_NAME)";
			};
			name = Release;
		};
/* End XCBuildConfiguration section */

/* Begin XCConfigurationList section */
		B92FDB3E1C98594000CBFE6F /* Build configuration list for PBXProject "Atomic-mutex" */ = {
			isa = XCConfigurationList;
			buildConfigurations = (
				B92FDB481C98594000CBFE6F /* Debug */,
				B92FDB491C98594000CBFE6F /* Release */,
			);
			defaultConfigurationIsVisible = 0;
			defaultConfigurationName = Release;
		};
		B92FDB4A1C98594000CBFE6F /* Build configuration list for PBXNativeTarget "Atomic-mutex" */ = {
			isa = XCConfigurationList;
			buildConfigurations = (
				B92FDB4B1C98594000CBFE6F /* Debug */,
				B92FDB4C1C98594000CBFE6F /* Release */,
			);
			defaultConfigurationIsVisible = 0;
			defaultConfigurationName = Release;
		};
/* End XCConfigurationList section */
	};
	rootObject = B92FDB3B1C98594000CBFE6F /* Project object */;
}
